PODS:
  - AlertHUDKit (1.0.0)
  - BiometricAuthentication (1.0.2)
  - Bolts-Swift (1.3.0)
  - Bolts/Tasks (1.9.0)
  - Hero (1.0.1)
  - JTAppleCalendar (7.1.5)
  - Parse (1.15.3):
    - Bolts/Tasks (~> 1.8)
  - ParseLiveQuery (2.2.2):
    - Bolts-Swift (~> 1.3)
    - Parse (~> 1.15.0)
    - Starscream (= 2.1.1)
  - ParseUI (1.2.0):
    - Bolts/Tasks (~> 1.3)
    - Parse (~> 1.9)
  - Starscream (2.1.1)
  - SwiftyPickerPopover (5.3.0)
  - ViewAnimator (1.0.2)

DEPENDENCIES:
  - AlertHUDKit
  - BiometricAuthentication
  - Bolts-Swift (from `https://github.com/BoltsFramework/Bolts-Swift.git`, branch `master`)
  - Hero
  - JTAppleCalendar
  - Parse
  - ParseLiveQuery
  - ParseUI
  - SwiftyPickerPopover (from `https://github.com/hsylife/SwiftyPickerPopover`, branch `swift4`)
  - ViewAnimator

EXTERNAL SOURCES:
  Bolts-Swift:
    :branch: master
    :git: https://github.com/BoltsFramework/Bolts-Swift.git
  SwiftyPickerPopover:
    :branch: swift4
    :git: https://github.com/hsylife/SwiftyPickerPopover

CHECKOUT OPTIONS:
  Bolts-Swift:
    :commit: e9baa72d04521c3b25ef4fa6fef12b340953ee02
    :git: https://github.com/BoltsFramework/Bolts-Swift.git
  SwiftyPickerPopover:
    :commit: cbb7886e012421491b41ef59c9e29d8befa5711d
    :git: https://github.com/hsylife/SwiftyPickerPopover

SPEC CHECKSUMS:
  AlertHUDKit: 2686ae78f2f1fe6455f117d7e93e1e7731780fec
  BiometricAuthentication: e14b081ea7c59c6c4ee8b54f26489ce9d737ba51
  Bolts: ac6567323eac61e203f6a9763667d0f711be34c8
  Bolts-Swift: fa98d1b59fc1acea9b21a21306dcdca1c85e3737
  Hero: cee286821578e170d8c0c9c9cda7897357401112
  JTAppleCalendar: 2d4f974f9f3c8b4964d51ca1f6e004883c031fbe
  Parse: cdc0f1f975ee8be0409e66f21b05df4ae067047c
  ParseLiveQuery: 6ca715827fa2bfb9df7b3d647f512c3d1d42da81
  ParseUI: af2eba584799da4a9fbdac0e178662d7438b502e
  Starscream: 142bd8ef24592d985daee9fa48c936070b85b15f
  SwiftyPickerPopover: a0599689c09b7ec97d287271d755c22506d848cb
  ViewAnimator: d7b18e0be98e05807f61ad886a36363727209377

PODFILE CHECKSUM: 1d7f789ea475ed6f2455e49b8f45ef78ced877ef

COCOAPODS: 1.3.1
